
Microsoft Visual Studio Solution File, Format Version 12.00
# Visual Studio Version 16
VisualStudioVersion = 25.0.1703.4
MinimumVisualStudioVersion = 10.0.40219.1
Project("{FAE04EC0-301F-11D3-BF4B-00C04F79EFBC}") = "StringCalculator", "StringCalculator.csproj", "{8C46DF52-954B-4F8F-8339-8277D4533DA9}"
EndProject
Global
	GlobalSection(SolutionConfigurationPlatforms) = preSolution
		Debug|Any CPU = Debug|Any CPU
		Release|Any CPU = Release|Any CPU
	EndGlobalSection
	GlobalSection(ProjectConfigurationPlatforms) = postSolution
		{8C46DF52-954B-4F8F-8339-8277D4533DA9}.Debug|Any CPU.ActiveCfg = Debug|Any CPU
		{8C46DF52-954B-4F8F-8339-8277D4533DA9}.Debug|Any CPU.Build.0 = Debug|Any CPU
		{8C46DF52-954B-4F8F-8339-8277D4533DA9}.Release|Any CPU.ActiveCfg = Release|Any CPU
		{8C46DF52-954B-4F8F-8339-8277D4533DA9}.Release|Any CPU.Build.0 = Release|Any CPU
	EndGlobalSection
	GlobalSection(SolutionProperties) = preSolution
		HideSolutionNode = FALSE
	EndGlobalSection
	GlobalSection(ExtensibilityGlobals) = postSolution
		SolutionGuid = {4ADEBBFF-6686-47DC-A936-98FAF79E5E47}
	EndGlobalSection
EndGlobal
