
Microsoft Visual Studio Solution File, Format Version 12.00
# Visual Studio Version 16
VisualStudioVersion = 25.0.1703.4
MinimumVisualStudioVersion = 10.0.40219.1
Project("{FAE04EC0-301F-11D3-BF4B-00C04F79EFBC}") = "StringCalculatorTest", "StringCalculatorTest.csproj", "{92FE3CD4-C16A-4CD0-903E-B649B5F67A7C}"
EndProject
Global
	GlobalSection(SolutionConfigurationPlatforms) = preSolution
		Debug|Any CPU = Debug|Any CPU
		Release|Any CPU = Release|Any CPU
	EndGlobalSection
	GlobalSection(ProjectConfigurationPlatforms) = postSolution
		{92FE3CD4-C16A-4CD0-903E-B649B5F67A7C}.Debug|Any CPU.ActiveCfg = Debug|Any CPU
		{92FE3CD4-C16A-4CD0-903E-B649B5F67A7C}.Debug|Any CPU.Build.0 = Debug|Any CPU
		{92FE3CD4-C16A-4CD0-903E-B649B5F67A7C}.Release|Any CPU.ActiveCfg = Release|Any CPU
		{92FE3CD4-C16A-4CD0-903E-B649B5F67A7C}.Release|Any CPU.Build.0 = Release|Any CPU
	EndGlobalSection
	GlobalSection(SolutionProperties) = preSolution
		HideSolutionNode = FALSE
	EndGlobalSection
	GlobalSection(ExtensibilityGlobals) = postSolution
		SolutionGuid = {87AF334F-6F23-468A-BCCB-446569F5F171}
	EndGlobalSection
EndGlobal
